
Microsoft Visual Studio Solution File, Format Version 12.00
# Visual Studio Version 17
VisualStudioVersion = 17.5.002.0
MinimumVisualStudioVersion = 10.0.40219.1
Project("{2150E333-8FDC-42A3-9474-1A3956D46DE8}") = "Atividades", "Atividades", "{23B620FF-F861-4C10-B6E7-30C02222BA6D}"
EndProject
Project("{9A19103F-16F7-4668-BE54-9A1E7A4F7556}") = "DictonaryHashTable", "Atividades\DictonaryHashTable\DictonaryHashTable.csproj", "{B5BACFD7-D5D5-4499-93FD-4652939A1BBA}"
EndProject
Project("{9A19103F-16F7-4668-BE54-9A1E7A4F7556}") = "LinkedLists", "Atividades\LinkedLists\LinkedLists.csproj", "{8C42A5EE-F555-4A93-B16C-8BD3F84A0D7D}"
EndProject
Project("{9A19103F-16F7-4668-BE54-9A1E7A4F7556}") = "MultiDimensionalArrays", "Atividades\MultiDimensionalArrays\MultiDimensionalArrays.csproj", "{101D8953-2A52-45BC-91B6-6A31F0EAAB46}"
EndProject
Project("{9A19103F-16F7-4668-BE54-9A1E7A4F7556}") = "Pilha", "Atividades\Pilha\Pilha.csproj", "{3767B7BE-DFD1-490B-9EB0-B3EBD1922D83}"
EndProject
Project("{9A19103F-16F7-4668-BE54-9A1E7A4F7556}") = "SegundaAula", "Atividades\SegundaAula\SegundaAula.csproj", "{787F4EE0-0445-4A48-AC7F-3E54BACE4182}"
EndProject
Project("{9A19103F-16F7-4668-BE54-9A1E7A4F7556}") = "SortingAlgorithms", "Atividades\SortingAlgorithms\SortingAlgorithms.csproj", "{0ABEAFBA-AF34-4D3B-91E1-289BD6FF21A3}"
EndProject
Project("{9A19103F-16F7-4668-BE54-9A1E7A4F7556}") = "TabelaHashDicionario", "Atividades\TabelaHashDicionario\TabelaHashDicionario.csproj", "{05BB702A-BABE-4681-8F98-C10DCD850F9B}"
EndProject
Project("{9A19103F-16F7-4668-BE54-9A1E7A4F7556}") = "Trees", "Atividades\Trees\Trees.csproj", "{3E2AEF52-08D0-4A6E-ADAB-151063958625}"
EndProject
Project("{2150E333-8FDC-42A3-9474-1A3956D46DE8}") = "Exercícios", "Exercícios", "{EF6800CA-B4CE-49D6-A1F3-22F48D5D5186}"
EndProject
Project("{9A19103F-16F7-4668-BE54-9A1E7A4F7556}") = "Exe01", "Exercícios\Exe01\Exe01.csproj", "{BA4266E1-BE74-471B-8268-CF594F02A4F9}"
EndProject
Project("{9A19103F-16F7-4668-BE54-9A1E7A4F7556}") = "Exe02", "Exercícios\Exe02\Exe02.csproj", "{9EEEE1EA-63C2-49F3-9F86-62E2E925444B}"
EndProject
Project("{9A19103F-16F7-4668-BE54-9A1E7A4F7556}") = "Exe03", "Exercícios\Exe03\Exe03.csproj", "{01D11B9D-B27B-4508-BF9C-3030E9014CC5}"
EndProject
Project("{9A19103F-16F7-4668-BE54-9A1E7A4F7556}") = "Exe04", "Exercícios\Exe04\Exe04.csproj", "{7EDC5A59-4A63-4DBA-B73B-B282B7EB5810}"
EndProject
Project("{9A19103F-16F7-4668-BE54-9A1E7A4F7556}") = "Ex05", "Exercícios\Exe05\Ex05.csproj", "{BF96B096-E2A2-460F-805A-E95D3D62ED68}"
EndProject
Project("{9A19103F-16F7-4668-BE54-9A1E7A4F7556}") = "Exe06", "Exercícios\Exe06\Exe06.csproj", "{C11CBEE0-D70F-465E-A191-48862A63D833}"
EndProject
Global
	GlobalSection(SolutionConfigurationPlatforms) = preSolution
		Debug|Any CPU = Debug|Any CPU
		Release|Any CPU = Release|Any CPU
	EndGlobalSection
	GlobalSection(ProjectConfigurationPlatforms) = postSolution
		{B5BACFD7-D5D5-4499-93FD-4652939A1BBA}.Debug|Any CPU.ActiveCfg = Debug|Any CPU
		{B5BACFD7-D5D5-4499-93FD-4652939A1BBA}.Debug|Any CPU.Build.0 = Debug|Any CPU
		{B5BACFD7-D5D5-4499-93FD-4652939A1BBA}.Release|Any CPU.ActiveCfg = Release|Any CPU
		{B5BACFD7-D5D5-4499-93FD-4652939A1BBA}.Release|Any CPU.Build.0 = Release|Any CPU
		{8C42A5EE-F555-4A93-B16C-8BD3F84A0D7D}.Debug|Any CPU.ActiveCfg = Debug|Any CPU
		{8C42A5EE-F555-4A93-B16C-8BD3F84A0D7D}.Debug|Any CPU.Build.0 = Debug|Any CPU
		{8C42A5EE-F555-4A93-B16C-8BD3F84A0D7D}.Release|Any CPU.ActiveCfg = Release|Any CPU
		{8C42A5EE-F555-4A93-B16C-8BD3F84A0D7D}.Release|Any CPU.Build.0 = Release|Any CPU
		{101D8953-2A52-45BC-91B6-6A31F0EAAB46}.Debug|Any CPU.ActiveCfg = Debug|Any CPU
		{101D8953-2A52-45BC-91B6-6A31F0EAAB46}.Debug|Any CPU.Build.0 = Debug|Any CPU
		{101D8953-2A52-45BC-91B6-6A31F0EAAB46}.Release|Any CPU.ActiveCfg = Release|Any CPU
		{101D8953-2A52-45BC-91B6-6A31F0EAAB46}.Release|Any CPU.Build.0 = Release|Any CPU
		{3767B7BE-DFD1-490B-9EB0-B3EBD1922D83}.Debug|Any CPU.ActiveCfg = Debug|Any CPU
		{3767B7BE-DFD1-490B-9EB0-B3EBD1922D83}.Debug|Any CPU.Build.0 = Debug|Any CPU
		{3767B7BE-DFD1-490B-9EB0-B3EBD1922D83}.Release|Any CPU.ActiveCfg = Release|Any CPU
		{3767B7BE-DFD1-490B-9EB0-B3EBD1922D83}.Release|Any CPU.Build.0 = Release|Any CPU
		{787F4EE0-0445-4A48-AC7F-3E54BACE4182}.Debug|Any CPU.ActiveCfg = Debug|Any CPU
		{787F4EE0-0445-4A48-AC7F-3E54BACE4182}.Debug|Any CPU.Build.0 = Debug|Any CPU
		{787F4EE0-0445-4A48-AC7F-3E54BACE4182}.Release|Any CPU.ActiveCfg = Release|Any CPU
		{787F4EE0-0445-4A48-AC7F-3E54BACE4182}.Release|Any CPU.Build.0 = Release|Any CPU
		{0ABEAFBA-AF34-4D3B-91E1-289BD6FF21A3}.Debug|Any CPU.ActiveCfg = Debug|Any CPU
		{0ABEAFBA-AF34-4D3B-91E1-289BD6FF21A3}.Debug|Any CPU.Build.0 = Debug|Any CPU
		{0ABEAFBA-AF34-4D3B-91E1-289BD6FF21A3}.Release|Any CPU.ActiveCfg = Release|Any CPU
		{0ABEAFBA-AF34-4D3B-91E1-289BD6FF21A3}.Release|Any CPU.Build.0 = Release|Any CPU
		{05BB702A-BABE-4681-8F98-C10DCD850F9B}.Debug|Any CPU.ActiveCfg = Debug|Any CPU
		{05BB702A-BABE-4681-8F98-C10DCD850F9B}.Debug|Any CPU.Build.0 = Debug|Any CPU
		{05BB702A-BABE-4681-8F98-C10DCD850F9B}.Release|Any CPU.ActiveCfg = Release|Any CPU
		{05BB702A-BABE-4681-8F98-C10DCD850F9B}.Release|Any CPU.Build.0 = Release|Any CPU
		{3E2AEF52-08D0-4A6E-ADAB-151063958625}.Debug|Any CPU.ActiveCfg = Debug|Any CPU
		{3E2AEF52-08D0-4A6E-ADAB-151063958625}.Debug|Any CPU.Build.0 = Debug|Any CPU
		{3E2AEF52-08D0-4A6E-ADAB-151063958625}.Release|Any CPU.ActiveCfg = Release|Any CPU
		{3E2AEF52-08D0-4A6E-ADAB-151063958625}.Release|Any CPU.Build.0 = Release|Any CPU
		{BA4266E1-BE74-471B-8268-CF594F02A4F9}.Debug|Any CPU.ActiveCfg = Debug|Any CPU
		{BA4266E1-BE74-471B-8268-CF594F02A4F9}.Debug|Any CPU.Build.0 = Debug|Any CPU
		{BA4266E1-BE74-471B-8268-CF594F02A4F9}.Release|Any CPU.ActiveCfg = Release|Any CPU
		{BA4266E1-BE74-471B-8268-CF594F02A4F9}.Release|Any CPU.Build.0 = Release|Any CPU
		{9EEEE1EA-63C2-49F3-9F86-62E2E925444B}.Debug|Any CPU.ActiveCfg = Debug|Any CPU
		{9EEEE1EA-63C2-49F3-9F86-62E2E925444B}.Debug|Any CPU.Build.0 = Debug|Any CPU
		{9EEEE1EA-63C2-49F3-9F86-62E2E925444B}.Release|Any CPU.ActiveCfg = Release|Any CPU
		{9EEEE1EA-63C2-49F3-9F86-62E2E925444B}.Release|Any CPU.Build.0 = Release|Any CPU
		{01D11B9D-B27B-4508-BF9C-3030E9014CC5}.Debug|Any CPU.ActiveCfg = Debug|Any CPU
		{01D11B9D-B27B-4508-BF9C-3030E9014CC5}.Debug|Any CPU.Build.0 = Debug|Any CPU
		{01D11B9D-B27B-4508-BF9C-3030E9014CC5}.Release|Any CPU.ActiveCfg = Release|Any CPU
		{01D11B9D-B27B-4508-BF9C-3030E9014CC5}.Release|Any CPU.Build.0 = Release|Any CPU
		{7EDC5A59-4A63-4DBA-B73B-B282B7EB5810}.Debug|Any CPU.ActiveCfg = Debug|Any CPU
		{7EDC5A59-4A63-4DBA-B73B-B282B7EB5810}.Debug|Any CPU.Build.0 = Debug|Any CPU
		{7EDC5A59-4A63-4DBA-B73B-B282B7EB5810}.Release|Any CPU.ActiveCfg = Release|Any CPU
		{7EDC5A59-4A63-4DBA-B73B-B282B7EB5810}.Release|Any CPU.Build.0 = Release|Any CPU
		{BF96B096-E2A2-460F-805A-E95D3D62ED68}.Debug|Any CPU.ActiveCfg = Debug|Any CPU
		{BF96B096-E2A2-460F-805A-E95D3D62ED68}.Debug|Any CPU.Build.0 = Debug|Any CPU
		{BF96B096-E2A2-460F-805A-E95D3D62ED68}.Release|Any CPU.ActiveCfg = Release|Any CPU
		{BF96B096-E2A2-460F-805A-E95D3D62ED68}.Release|Any CPU.Build.0 = Release|Any CPU
		{C11CBEE0-D70F-465E-A191-48862A63D833}.Debug|Any CPU.ActiveCfg = Debug|Any CPU
		{C11CBEE0-D70F-465E-A191-48862A63D833}.Debug|Any CPU.Build.0 = Debug|Any CPU
		{C11CBEE0-D70F-465E-A191-48862A63D833}.Release|Any CPU.ActiveCfg = Release|Any CPU
		{C11CBEE0-D70F-465E-A191-48862A63D833}.Release|Any CPU.Build.0 = Release|Any CPU
	EndGlobalSection
	GlobalSection(SolutionProperties) = preSolution
		HideSolutionNode = FALSE
	EndGlobalSection
	GlobalSection(NestedProjects) = preSolution
		{B5BACFD7-D5D5-4499-93FD-4652939A1BBA} = {23B620FF-F861-4C10-B6E7-30C02222BA6D}
		{8C42A5EE-F555-4A93-B16C-8BD3F84A0D7D} = {23B620FF-F861-4C10-B6E7-30C02222BA6D}
		{101D8953-2A52-45BC-91B6-6A31F0EAAB46} = {23B620FF-F861-4C10-B6E7-30C02222BA6D}
		{3767B7BE-DFD1-490B-9EB0-B3EBD1922D83} = {23B620FF-F861-4C10-B6E7-30C02222BA6D}
		{787F4EE0-0445-4A48-AC7F-3E54BACE4182} = {23B620FF-F861-4C10-B6E7-30C02222BA6D}
		{0ABEAFBA-AF34-4D3B-91E1-289BD6FF21A3} = {23B620FF-F861-4C10-B6E7-30C02222BA6D}
		{05BB702A-BABE-4681-8F98-C10DCD850F9B} = {23B620FF-F861-4C10-B6E7-30C02222BA6D}
		{3E2AEF52-08D0-4A6E-ADAB-151063958625} = {23B620FF-F861-4C10-B6E7-30C02222BA6D}
		{BA4266E1-BE74-471B-8268-CF594F02A4F9} = {EF6800CA-B4CE-49D6-A1F3-22F48D5D5186}
		{9EEEE1EA-63C2-49F3-9F86-62E2E925444B} = {EF6800CA-B4CE-49D6-A1F3-22F48D5D5186}
		{01D11B9D-B27B-4508-BF9C-3030E9014CC5} = {EF6800CA-B4CE-49D6-A1F3-22F48D5D5186}
		{7EDC5A59-4A63-4DBA-B73B-B282B7EB5810} = {EF6800CA-B4CE-49D6-A1F3-22F48D5D5186}
		{BF96B096-E2A2-460F-805A-E95D3D62ED68} = {EF6800CA-B4CE-49D6-A1F3-22F48D5D5186}
		{C11CBEE0-D70F-465E-A191-48862A63D833} = {EF6800CA-B4CE-49D6-A1F3-22F48D5D5186}
	EndGlobalSection
	GlobalSection(ExtensibilityGlobals) = postSolution
		SolutionGuid = {5976C98D-A12E-402C-94AD-AAD2AF49280B}
	EndGlobalSection
EndGlobal
